{
  "name": "marked",
  "version": "0.3.12",
  "lockfileVersion": 1,
  "requires": true,
  "dependencies": {
    "abbrev": {
      "version": "1.1.1",
      "resolved": "https://registry.npmjs.org/abbrev/-/abbrev-1.1.1.tgz",
      "integrity": "sha512-nne9/IiQ/hzIhY6pdDnbBtz7DjPTKrY00P/zvPSm5pOFkl6xuGrGnXn/VtTNNfNtAfZ9/1RtehkszU9qcTii0Q==",
      "dev": true
    },
    "argparse": {
      "version": "1.0.9",
      "resolved": "https://registry.npmjs.org/argparse/-/argparse-1.0.9.tgz",
      "integrity": "sha1-c9g7wmP4bpf4zE9rrhsOkKfSLIY=",
      "dev": true,
      "requires": {
        "sprintf-js": "1.0.3"
      }
    },
    "commander": {
      "version": "2.14.1",
      "resolved": "https://registry.npmjs.org/commander/-/commander-2.14.1.tgz",
      "integrity": "sha512-+YR16o3rK53SmWHU3rEM3tPAh2rwb1yPcQX5irVn7mb0gXbwuCCrnkbV5+PBfETdfg1vui07nM6PCG1zndcjQw==",
      "dev": true
    },
    "commonmark": {
      "version": "0.28.1",
      "resolved": "https://registry.npmjs.org/commonmark/-/commonmark-0.28.1.tgz",
      "integrity": "sha1-Buq41SM4uDn6Gi11rwCF7tGxvq4=",
      "dev": true,
      "requires": {
        "entities": "1.1.1",
        "mdurl": "1.0.1",
        "minimist": "1.2.0",
        "string.prototype.repeat": "0.2.0"
      }
    },
    "entities": {
      "version": "1.1.1",
      "resolved": "https://registry.npmjs.org/entities/-/entities-1.1.1.tgz",
      "integrity": "sha1-blwtClYhtdra7O+AuQ7ftc13cvA=",
      "dev": true
    },
    "esprima": {
      "version": "4.0.0",
      "resolved": "https://registry.npmjs.org/esprima/-/esprima-4.0.0.tgz",
      "integrity": "sha512-oftTcaMu/EGrEIu904mWteKIv8vMuOgGYo7EhVJJN00R/EED9DCua/xxHRdYnKtcECzVg7xOWhflvJMnqcFZjw==",
      "dev": true
    },
    "front-matter": {
      "version": "2.3.0",
      "resolved": "https://registry.npmjs.org/front-matter/-/front-matter-2.3.0.tgz",
      "integrity": "sha1-cgOviWzjV+4E4qpFFp6pHtf2dQQ=",
      "dev": true,
      "requires": {
        "js-yaml": "3.10.0"
      }
    },
    "glob-to-regexp": {
      "version": "0.3.0",
      "resolved": "https://registry.npmjs.org/glob-to-regexp/-/glob-to-regexp-0.3.0.tgz",
      "integrity": "sha1-jFoUlNIGbFcMw7/kSWF1rMTVAqs=",
      "dev": true
    },
    "js-yaml": {
      "version": "3.10.0",
      "resolved": "https://registry.npmjs.org/js-yaml/-/js-yaml-3.10.0.tgz",
      "integrity": "sha512-O2v52ffjLa9VeM43J4XocZE//WT9N0IiwDa3KSHH7Tu8CtH+1qM8SIZvnsTh6v+4yFy5KUY3BHUVwjpfAWsjIA==",
      "dev": true,
      "requires": {
        "argparse": "1.0.9",
        "esprima": "4.0.0"
      }
    },
    "linkify-it": {
      "version": "2.0.3",
      "resolved": "https://registry.npmjs.org/linkify-it/-/linkify-it-2.0.3.tgz",
      "integrity": "sha1-2UpGSPmxwXnWT6lykSaL22zpQ08=",
      "dev": true,
      "requires": {
        "uc.micro": "1.0.3"
      }
    },
    "markdown": {
      "version": "0.5.0",
      "resolved": "https://registry.npmjs.org/markdown/-/markdown-0.5.0.tgz",
      "integrity": "sha1-KCBbVlqK51kt4gdGPWY33BgnIrI=",
      "dev": true,
      "requires": {
        "nopt": "2.1.2"
      }
    },
    "markdown-it": {
      "version": "8.4.0",
      "resolved": "https://registry.npmjs.org/markdown-it/-/markdown-it-8.4.0.tgz",
      "integrity": "sha512-tNuOCCfunY5v5uhcO2AUMArvKAyKMygX8tfup/JrgnsDqcCATQsAExBq7o5Ml9iMmO82bk6jYNLj6khcrl0JGA==",
      "dev": true,
      "requires": {
        "argparse": "1.0.9",
        "entities": "1.1.1",
        "linkify-it": "2.0.3",
        "mdurl": "1.0.1",
        "uc.micro": "1.0.3"
      }
    },
    "mdurl": {
      "version": "1.0.1",
      "resolved": "https://registry.npmjs.org/mdurl/-/mdurl-1.0.1.tgz",
      "integrity": "sha1-/oWy7HWlkDfyrf7BAP1sYBdhFS4=",
      "dev": true
    },
    "minimist": {
      "version": "1.2.0",
      "resolved": "https://registry.npmjs.org/minimist/-/minimist-1.2.0.tgz",
      "integrity": "sha1-o1AIsg9BOD7sH7kU9M1d95omQoQ=",
      "dev": true
    },
    "nopt": {
      "version": "2.1.2",
      "resolved": "https://registry.npmjs.org/nopt/-/nopt-2.1.2.tgz",
      "integrity": "sha1-bMzZd7gBMqB3MdbozljCyDA8+a8=",
      "dev": true,
      "requires": {
        "abbrev": "1.1.1"
      }
    },
    "source-map": {
      "version": "0.6.1",
      "resolved": "https://registry.npmjs.org/source-map/-/source-map-0.6.1.tgz",
      "integrity": "sha512-UjgapumWlbMhkBgzT7Ykc5YXUT46F0iKu8SGXq0bcwP5dz/h0Plj6enJqjz1Zbq2l5WaqYnrVbwWOWMyF3F47g==",
      "dev": true
    },
    "sprintf-js": {
      "version": "1.0.3",
      "resolved": "https://registry.npmjs.org/sprintf-js/-/sprintf-js-1.0.3.tgz",
      "integrity": "sha1-BOaSb2YolTVPPdAVIDYzuFcpfiw=",
      "dev": true
    },
    "string.prototype.repeat": {
      "version": "0.2.0",
      "resolved": "https://registry.npmjs.org/string.prototype.repeat/-/string.prototype.repeat-0.2.0.tgz",
      "integrity": "sha1-q6Nt4I3O5qWjN9SbLqHaGyj8Ds8=",
      "dev": true
    },
    "uc.micro": {
      "version": "1.0.3",
      "resolved": "https://registry.npmjs.org/uc.micro/-/uc.micro-1.0.3.tgz",
      "integrity": "sha1-ftUNXg+an7ClczeSWfKndFjVAZI=",
      "dev": true
    },
    "uglify-js": {
      "version": "3.3.10",
      "resolved": "https://registry.npmjs.org/uglify-js/-/uglify-js-3.3.10.tgz",
      "integrity": "sha512-dNib7aUDNZFJNTXFyq0CDmLRVOsnY1F+IQgt2FAOdZFx2+LvKVLbbIb/fL+BYKCv3YH3bPCE/6M/JaxChtQLHQ==",
      "dev": true,
      "requires": {
        "commander": "2.14.1",
        "source-map": "0.6.1"
      }
    }
  }
}
